
Microsoft Visual Studio Solution File, Format Version 12.00
# Visual Studio 2013
VisualStudioVersion = 12.0.40629.0
MinimumVisualStudioVersion = 10.0.40219.1
Project("{CC5FD16D-436D-48AD-A40C-5A424C6E3E79}") = "AzureLearningTask", "AzureLearningTask\AzureLearningTask.ccproj", "{0C09392C-8FF5-4052-8133-984258A9F01D}"
EndProject
Project("{FAE04EC0-301F-11D3-BF4B-00C04F79EFBC}") = "WebFrontedRole", "WebFrontedRole\WebFrontedRole.csproj", "{CF36358F-298B-4C02-B5D6-71236127D536}"
EndProject
Project("{FAE04EC0-301F-11D3-BF4B-00C04F79EFBC}") = "WebFrontedRole.Test", "WebFrontedRole.Test\WebFrontedRole.Test.csproj", "{EB94F731-C84A-4A9E-89C3-17CC9010CB38}"
EndProject
Global
	GlobalSection(SolutionConfigurationPlatforms) = preSolution
		Debug|Any CPU = Debug|Any CPU
		Release|Any CPU = Release|Any CPU
	EndGlobalSection
	GlobalSection(ProjectConfigurationPlatforms) = postSolution
		{0C09392C-8FF5-4052-8133-984258A9F01D}.Debug|Any CPU.ActiveCfg = Debug|Any CPU
		{0C09392C-8FF5-4052-8133-984258A9F01D}.Debug|Any CPU.Build.0 = Debug|Any CPU
		{0C09392C-8FF5-4052-8133-984258A9F01D}.Release|Any CPU.ActiveCfg = Release|Any CPU
		{0C09392C-8FF5-4052-8133-984258A9F01D}.Release|Any CPU.Build.0 = Release|Any CPU
		{CF36358F-298B-4C02-B5D6-71236127D536}.Debug|Any CPU.ActiveCfg = Debug|Any CPU
		{CF36358F-298B-4C02-B5D6-71236127D536}.Debug|Any CPU.Build.0 = Debug|Any CPU
		{CF36358F-298B-4C02-B5D6-71236127D536}.Release|Any CPU.ActiveCfg = Release|Any CPU
		{CF36358F-298B-4C02-B5D6-71236127D536}.Release|Any CPU.Build.0 = Release|Any CPU
		{EB94F731-C84A-4A9E-89C3-17CC9010CB38}.Debug|Any CPU.ActiveCfg = Debug|Any CPU
		{EB94F731-C84A-4A9E-89C3-17CC9010CB38}.Debug|Any CPU.Build.0 = Debug|Any CPU
		{EB94F731-C84A-4A9E-89C3-17CC9010CB38}.Release|Any CPU.ActiveCfg = Release|Any CPU
		{EB94F731-C84A-4A9E-89C3-17CC9010CB38}.Release|Any CPU.Build.0 = Release|Any CPU
	EndGlobalSection
	GlobalSection(SolutionProperties) = preSolution
		HideSolutionNode = FALSE
	EndGlobalSection
EndGlobal
